
Microsoft Visual Studio Solution File, Format Version 12.00
# Visual Studio Version 16
VisualStudioVersion = 16.0.30621.155
MinimumVisualStudioVersion = 10.0.40219.1
Project("{2150E333-8FDC-42A3-9474-1A3956D46DE8}") = "Algoritmer", "Algoritmer", "{53C2827E-ECD2-4105-9068-2C215BF95F0D}"
EndProject
Project("{2150E333-8FDC-42A3-9474-1A3956D46DE8}") = "Design Patterns", "Design Patterns", "{F2627CD3-1F0A-4972-8336-EB9921BB1C8C}"
EndProject
Project("{2150E333-8FDC-42A3-9474-1A3956D46DE8}") = "Traade", "Traade", "{FA70B935-CC18-4718-81B4-24357958C276}"
EndProject
Project("{2150E333-8FDC-42A3-9474-1A3956D46DE8}") = "Netvaerk", "Netvaerk", "{275914CE-B94B-46C1-A1BE-57098763C181}"
EndProject
Project("{2150E333-8FDC-42A3-9474-1A3956D46DE8}") = "Test", "Test", "{E278D336-5A30-4406-A542-30FCEA324E1A}"
EndProject
Project("{2150E333-8FDC-42A3-9474-1A3956D46DE8}") = "OOP", "OOP", "{E0799FC4-1AB3-43B5-987F-40EA4BA9E5CD}"
EndProject
Project("{2150E333-8FDC-42A3-9474-1A3956D46DE8}") = "Databaser", "Databaser", "{22DD5A96-5BFA-4CD4-B8FA-C9D68419E9F7}"
EndProject
Project("{2150E333-8FDC-42A3-9474-1A3956D46DE8}") = "Kunstig Intelligens", "Kunstig Intelligens", "{8D4AE40A-AA0D-4243-83B3-CF2930DEC927}"
EndProject
Project("{2150E333-8FDC-42A3-9474-1A3956D46DE8}") = "5. Generics", "5. Generics", "{DD8856F1-A2F0-49B9-80F4-A7C0EF900DE8}"
EndProject
Project("{2150E333-8FDC-42A3-9474-1A3956D46DE8}") = "6. Sortering", "6. Sortering", "{BEA2EE89-3FBE-42E3-B72F-CA910C46F04A}"
EndProject
Project("{2150E333-8FDC-42A3-9474-1A3956D46DE8}") = "7. Grafer og Soegning", "7. Grafer og Soegning", "{B9E31D7D-BA5B-4585-960C-126F073C3251}"
EndProject
Project("{2150E333-8FDC-42A3-9474-1A3956D46DE8}") = "Basisprogrammering", "Basisprogrammering", "{DC6BE197-E689-4EE8-8CAA-79220F13AB25}"
EndProject
Project("{2150E333-8FDC-42A3-9474-1A3956D46DE8}") = "8. Astar", "8. Astar", "{C2812EB1-6BFC-4DEB-AB33-AB152DF1E2D5}"
EndProject
Project("{FAE04EC0-301F-11D3-BF4B-00C04F79EFBC}") = "5.1 Generisk Swap-metode", "5.1 Generisk Swap-Metode\5.1 Generisk Swap-metode.csproj", "{907330DC-15B9-409C-BF8F-AF0AFD5ED381}"
EndProject
Project("{FAE04EC0-301F-11D3-BF4B-00C04F79EFBC}") = "5.2 LinkedList Ikke-generisk", "5.2 LinkedList Ikke-generisk\5.2 LinkedList Ikke-generisk.csproj", "{72E81F4E-6C46-4096-8191-86CCC86F874D}"
EndProject
Project("{FAE04EC0-301F-11D3-BF4B-00C04F79EFBC}") = "5.3 LinkedList Generisk", "5.3 LinkedList Generisk\5.3 LinkedList Generisk.csproj", "{DE3F1065-F602-4E95-A7B2-73FCBBA354F6}"
EndProject
Project("{FAE04EC0-301F-11D3-BF4B-00C04F79EFBC}") = "5.4 Highscore Sortering", "5.4 Highscore Sortering\5.4 Highscore Sortering.csproj", "{079FF487-C823-4116-896C-B171A00515C0}"
EndProject
Project("{FAE04EC0-301F-11D3-BF4B-00C04F79EFBC}") = "!!!Generics Unit Test", "Generics Unit Test\!!!Generics Unit Test.csproj", "{27DCF750-D5B0-4B4A-A00E-734403BFDB57}"
EndProject
Project("{FAE04EC0-301F-11D3-BF4B-00C04F79EFBC}") = "6.1 Insertion Sortering", "6.1 Insertion Sortering\6.1 Insertion Sortering.csproj", "{F5EC0A73-0C2F-4CB0-9A67-A89B32B24583}"
EndProject
Project("{FAE04EC0-301F-11D3-BF4B-00C04F79EFBC}") = "Sortering Unit Test", "Sortering Unit Test\Sortering Unit Test.csproj", "{3BAB6C61-A3E4-48AF-9C17-81E977CB7F6C}"
EndProject
Project("{FAE04EC0-301F-11D3-BF4B-00C04F79EFBC}") = "6.2 Bubble Sortering", "6.2 Bubble Sortering\6.2 Bubble Sortering.csproj", "{ECA2440E-C9BF-40F9-AB67-712E5A63DA8C}"
EndProject
Project("{FAE04EC0-301F-11D3-BF4B-00C04F79EFBC}") = "6.3 Quick Sortering", "6.3 Quick Sortering\6.3 Quick Sortering.csproj", "{B4B1FA67-3C89-456D-A948-557241D32CB7}"
EndProject
Project("{FAE04EC0-301F-11D3-BF4B-00C04F79EFBC}") = "!!!6.3.2 Quick Sortering Optimeret", "6.3.2 Quick Sortering Optimeret\!!!6.3.2 Quick Sortering Optimeret.csproj", "{A8D5676C-AC4B-459C-9351-4E0988E30F4E}"
EndProject
Project("{FAE04EC0-301F-11D3-BF4B-00C04F79EFBC}") = "7.1 Grafbibliotek", "7.1 Grafbibliotek\7.1 Grafbibliotek.csproj", "{E5F964E9-5F6F-43FE-9516-5921050E17F5}"
EndProject
Project("{FAE04EC0-301F-11D3-BF4B-00C04F79EFBC}") = "Grafer og Soegning Unit Test", "Grafer og Soegning Unit Test\Grafer og Soegning Unit Test.csproj", "{00FFC11F-71B6-410A-9320-453831A30519}"
EndProject
Project("{FAE04EC0-301F-11D3-BF4B-00C04F79EFBC}") = "7.2 Tivoli Graf", "7.2 Tivoli Graf\7.2 Tivoli Graf.csproj", "{55174F31-8087-437A-B45A-6BCFD316ACE7}"
EndProject
Project("{FAE04EC0-301F-11D3-BF4B-00C04F79EFBC}") = "!!!8.1 Astar", "..\..\..\..\Downloads\AStarMonoGameTest\AStarMonoGameTest\!!!8.1 Astar.csproj", "{0B4EC0F2-E7DC-41E5-9BDE-7253B35116A5}"
EndProject
Project("{FAE04EC0-301F-11D3-BF4B-00C04F79EFBC}") = "Astar Unit Test", "Astar Unit Test\Astar Unit Test.csproj", "{48B3A259-84BA-451D-A218-8A35FEADEB08}"
EndProject
Project("{FAE04EC0-301F-11D3-BF4B-00C04F79EFBC}") = "4.1 Unit Test Opgave", "4.1 Unit Test Opgave\4.1 Unit Test Opgave.csproj", "{472EAF22-FA67-4F5F-A67D-9985ECC1A8EB}"
EndProject
Project("{9A19103F-16F7-4668-BE54-9A1E7A4F7556}") = "Unit Test Test", "Unit Test Test\Unit Test Test.csproj", "{57D76AE4-C3D7-48C1-BE7F-0F92F282C34B}"
EndProject
Project("{FAE04EC0-301F-11D3-BF4B-00C04F79EFBC}") = "4.2 Togbillet Priser", "4.2 Togbillet Priser\4.2 Togbillet Priser.csproj", "{6EEAD379-5179-4750-A739-447EAE9D1460}"
EndProject
Project("{FAE04EC0-301F-11D3-BF4B-00C04F79EFBC}") = "4.3 Find Maaned", "4.3 Find Måned\4.3 Find Maaned.csproj", "{122987FA-B2BA-426F-92D7-EC8DF5C4F306}"
EndProject
Project("{FAE04EC0-301F-11D3-BF4B-00C04F79EFBC}") = "4.4 Find Stoerste Tal", "4.4 Find Stoerste Tal\4.4 Find Stoerste Tal.csproj", "{4754FFE2-82D5-4F55-BA3D-05868EB0BE94}"
EndProject
Project("{FAE04EC0-301F-11D3-BF4B-00C04F79EFBC}") = "Unit Test FighterGame", "Unit Test FighterGame\Unit Test FighterGame.csproj", "{CED12895-4CFD-413A-80FA-67495D2EEB7D}"
EndProject
Project("{FAE04EC0-301F-11D3-BF4B-00C04F79EFBC}") = "4.5 FighterTheGame", "..\..\..\..\Downloads\PTE06\PTE06Kode\FighterTheGame\4.5 FighterTheGame.csproj", "{A04AF280-98C3-4F33-B3E1-F3F813ABAA82}"
EndProject
Project("{2150E333-8FDC-42A3-9474-1A3956D46DE8}") = "2. Processer og Traade", "2. Processer og Traade", "{BEC34BB2-74B1-49B6-A183-D6A956485823}"
EndProject
Project("{FAE04EC0-301F-11D3-BF4B-00C04F79EFBC}") = "2.1 Simpel Traad", "2.1 Simpel Traad\2.1 Simpel Traad.csproj", "{E650C6C8-3E62-4DBE-9857-8ECAFEF1F0F1}"
EndProject
Global
	GlobalSection(SolutionConfigurationPlatforms) = preSolution
		Debug|Any CPU = Debug|Any CPU
		Debug|x86 = Debug|x86
		Release|Any CPU = Release|Any CPU
		Release|x86 = Release|x86
	EndGlobalSection
	GlobalSection(ProjectConfigurationPlatforms) = postSolution
		{907330DC-15B9-409C-BF8F-AF0AFD5ED381}.Debug|Any CPU.ActiveCfg = Debug|Any CPU
		{907330DC-15B9-409C-BF8F-AF0AFD5ED381}.Debug|Any CPU.Build.0 = Debug|Any CPU
		{907330DC-15B9-409C-BF8F-AF0AFD5ED381}.Debug|x86.ActiveCfg = Debug|Any CPU
		{907330DC-15B9-409C-BF8F-AF0AFD5ED381}.Debug|x86.Build.0 = Debug|Any CPU
		{907330DC-15B9-409C-BF8F-AF0AFD5ED381}.Release|Any CPU.ActiveCfg = Release|Any CPU
		{907330DC-15B9-409C-BF8F-AF0AFD5ED381}.Release|Any CPU.Build.0 = Release|Any CPU
		{907330DC-15B9-409C-BF8F-AF0AFD5ED381}.Release|x86.ActiveCfg = Release|Any CPU
		{907330DC-15B9-409C-BF8F-AF0AFD5ED381}.Release|x86.Build.0 = Release|Any CPU
		{72E81F4E-6C46-4096-8191-86CCC86F874D}.Debug|Any CPU.ActiveCfg = Debug|Any CPU
		{72E81F4E-6C46-4096-8191-86CCC86F874D}.Debug|Any CPU.Build.0 = Debug|Any CPU
		{72E81F4E-6C46-4096-8191-86CCC86F874D}.Debug|x86.ActiveCfg = Debug|Any CPU
		{72E81F4E-6C46-4096-8191-86CCC86F874D}.Debug|x86.Build.0 = Debug|Any CPU
		{72E81F4E-6C46-4096-8191-86CCC86F874D}.Release|Any CPU.ActiveCfg = Release|Any CPU
		{72E81F4E-6C46-4096-8191-86CCC86F874D}.Release|Any CPU.Build.0 = Release|Any CPU
		{72E81F4E-6C46-4096-8191-86CCC86F874D}.Release|x86.ActiveCfg = Release|Any CPU
		{72E81F4E-6C46-4096-8191-86CCC86F874D}.Release|x86.Build.0 = Release|Any CPU
		{DE3F1065-F602-4E95-A7B2-73FCBBA354F6}.Debug|Any CPU.ActiveCfg = Debug|Any CPU
		{DE3F1065-F602-4E95-A7B2-73FCBBA354F6}.Debug|Any CPU.Build.0 = Debug|Any CPU
		{DE3F1065-F602-4E95-A7B2-73FCBBA354F6}.Debug|x86.ActiveCfg = Debug|Any CPU
		{DE3F1065-F602-4E95-A7B2-73FCBBA354F6}.Debug|x86.Build.0 = Debug|Any CPU
		{DE3F1065-F602-4E95-A7B2-73FCBBA354F6}.Release|Any CPU.ActiveCfg = Release|Any CPU
		{DE3F1065-F602-4E95-A7B2-73FCBBA354F6}.Release|Any CPU.Build.0 = Release|Any CPU
		{DE3F1065-F602-4E95-A7B2-73FCBBA354F6}.Release|x86.ActiveCfg = Release|Any CPU
		{DE3F1065-F602-4E95-A7B2-73FCBBA354F6}.Release|x86.Build.0 = Release|Any CPU
		{079FF487-C823-4116-896C-B171A00515C0}.Debug|Any CPU.ActiveCfg = Debug|Any CPU
		{079FF487-C823-4116-896C-B171A00515C0}.Debug|Any CPU.Build.0 = Debug|Any CPU
		{079FF487-C823-4116-896C-B171A00515C0}.Debug|x86.ActiveCfg = Debug|Any CPU
		{079FF487-C823-4116-896C-B171A00515C0}.Debug|x86.Build.0 = Debug|Any CPU
		{079FF487-C823-4116-896C-B171A00515C0}.Release|Any CPU.ActiveCfg = Release|Any CPU
		{079FF487-C823-4116-896C-B171A00515C0}.Release|Any CPU.Build.0 = Release|Any CPU
		{079FF487-C823-4116-896C-B171A00515C0}.Release|x86.ActiveCfg = Release|Any CPU
		{079FF487-C823-4116-896C-B171A00515C0}.Release|x86.Build.0 = Release|Any CPU
		{27DCF750-D5B0-4B4A-A00E-734403BFDB57}.Debug|Any CPU.ActiveCfg = Debug|Any CPU
		{27DCF750-D5B0-4B4A-A00E-734403BFDB57}.Debug|Any CPU.Build.0 = Debug|Any CPU
		{27DCF750-D5B0-4B4A-A00E-734403BFDB57}.Debug|x86.ActiveCfg = Debug|Any CPU
		{27DCF750-D5B0-4B4A-A00E-734403BFDB57}.Debug|x86.Build.0 = Debug|Any CPU
		{27DCF750-D5B0-4B4A-A00E-734403BFDB57}.Release|Any CPU.ActiveCfg = Release|Any CPU
		{27DCF750-D5B0-4B4A-A00E-734403BFDB57}.Release|Any CPU.Build.0 = Release|Any CPU
		{27DCF750-D5B0-4B4A-A00E-734403BFDB57}.Release|x86.ActiveCfg = Release|Any CPU
		{27DCF750-D5B0-4B4A-A00E-734403BFDB57}.Release|x86.Build.0 = Release|Any CPU
		{F5EC0A73-0C2F-4CB0-9A67-A89B32B24583}.Debug|Any CPU.ActiveCfg = Debug|Any CPU
		{F5EC0A73-0C2F-4CB0-9A67-A89B32B24583}.Debug|Any CPU.Build.0 = Debug|Any CPU
		{F5EC0A73-0C2F-4CB0-9A67-A89B32B24583}.Debug|x86.ActiveCfg = Debug|Any CPU
		{F5EC0A73-0C2F-4CB0-9A67-A89B32B24583}.Debug|x86.Build.0 = Debug|Any CPU
		{F5EC0A73-0C2F-4CB0-9A67-A89B32B24583}.Release|Any CPU.ActiveCfg = Release|Any CPU
		{F5EC0A73-0C2F-4CB0-9A67-A89B32B24583}.Release|Any CPU.Build.0 = Release|Any CPU
		{F5EC0A73-0C2F-4CB0-9A67-A89B32B24583}.Release|x86.ActiveCfg = Release|Any CPU
		{F5EC0A73-0C2F-4CB0-9A67-A89B32B24583}.Release|x86.Build.0 = Release|Any CPU
		{3BAB6C61-A3E4-48AF-9C17-81E977CB7F6C}.Debug|Any CPU.ActiveCfg = Debug|Any CPU
		{3BAB6C61-A3E4-48AF-9C17-81E977CB7F6C}.Debug|Any CPU.Build.0 = Debug|Any CPU
		{3BAB6C61-A3E4-48AF-9C17-81E977CB7F6C}.Debug|x86.ActiveCfg = Debug|Any CPU
		{3BAB6C61-A3E4-48AF-9C17-81E977CB7F6C}.Debug|x86.Build.0 = Debug|Any CPU
		{3BAB6C61-A3E4-48AF-9C17-81E977CB7F6C}.Release|Any CPU.ActiveCfg = Release|Any CPU
		{3BAB6C61-A3E4-48AF-9C17-81E977CB7F6C}.Release|Any CPU.Build.0 = Release|Any CPU
		{3BAB6C61-A3E4-48AF-9C17-81E977CB7F6C}.Release|x86.ActiveCfg = Release|Any CPU
		{3BAB6C61-A3E4-48AF-9C17-81E977CB7F6C}.Release|x86.Build.0 = Release|Any CPU
		{ECA2440E-C9BF-40F9-AB67-712E5A63DA8C}.Debug|Any CPU.ActiveCfg = Debug|Any CPU
		{ECA2440E-C9BF-40F9-AB67-712E5A63DA8C}.Debug|Any CPU.Build.0 = Debug|Any CPU
		{ECA2440E-C9BF-40F9-AB67-712E5A63DA8C}.Debug|x86.ActiveCfg = Debug|Any CPU
		{ECA2440E-C9BF-40F9-AB67-712E5A63DA8C}.Debug|x86.Build.0 = Debug|Any CPU
		{ECA2440E-C9BF-40F9-AB67-712E5A63DA8C}.Release|Any CPU.ActiveCfg = Release|Any CPU
		{ECA2440E-C9BF-40F9-AB67-712E5A63DA8C}.Release|Any CPU.Build.0 = Release|Any CPU
		{ECA2440E-C9BF-40F9-AB67-712E5A63DA8C}.Release|x86.ActiveCfg = Release|Any CPU
		{ECA2440E-C9BF-40F9-AB67-712E5A63DA8C}.Release|x86.Build.0 = Release|Any CPU
		{B4B1FA67-3C89-456D-A948-557241D32CB7}.Debug|Any CPU.ActiveCfg = Debug|Any CPU
		{B4B1FA67-3C89-456D-A948-557241D32CB7}.Debug|Any CPU.Build.0 = Debug|Any CPU
		{B4B1FA67-3C89-456D-A948-557241D32CB7}.Debug|x86.ActiveCfg = Debug|Any CPU
		{B4B1FA67-3C89-456D-A948-557241D32CB7}.Debug|x86.Build.0 = Debug|Any CPU
		{B4B1FA67-3C89-456D-A948-557241D32CB7}.Release|Any CPU.ActiveCfg = Release|Any CPU
		{B4B1FA67-3C89-456D-A948-557241D32CB7}.Release|Any CPU.Build.0 = Release|Any CPU
		{B4B1FA67-3C89-456D-A948-557241D32CB7}.Release|x86.ActiveCfg = Release|Any CPU
		{B4B1FA67-3C89-456D-A948-557241D32CB7}.Release|x86.Build.0 = Release|Any CPU
		{A8D5676C-AC4B-459C-9351-4E0988E30F4E}.Debug|Any CPU.ActiveCfg = Debug|Any CPU
		{A8D5676C-AC4B-459C-9351-4E0988E30F4E}.Debug|Any CPU.Build.0 = Debug|Any CPU
		{A8D5676C-AC4B-459C-9351-4E0988E30F4E}.Debug|x86.ActiveCfg = Debug|Any CPU
		{A8D5676C-AC4B-459C-9351-4E0988E30F4E}.Debug|x86.Build.0 = Debug|Any CPU
		{A8D5676C-AC4B-459C-9351-4E0988E30F4E}.Release|Any CPU.ActiveCfg = Release|Any CPU
		{A8D5676C-AC4B-459C-9351-4E0988E30F4E}.Release|Any CPU.Build.0 = Release|Any CPU
		{A8D5676C-AC4B-459C-9351-4E0988E30F4E}.Release|x86.ActiveCfg = Release|Any CPU
		{A8D5676C-AC4B-459C-9351-4E0988E30F4E}.Release|x86.Build.0 = Release|Any CPU
		{E5F964E9-5F6F-43FE-9516-5921050E17F5}.Debug|Any CPU.ActiveCfg = Debug|Any CPU
		{E5F964E9-5F6F-43FE-9516-5921050E17F5}.Debug|Any CPU.Build.0 = Debug|Any CPU
		{E5F964E9-5F6F-43FE-9516-5921050E17F5}.Debug|x86.ActiveCfg = Debug|Any CPU
		{E5F964E9-5F6F-43FE-9516-5921050E17F5}.Debug|x86.Build.0 = Debug|Any CPU
		{E5F964E9-5F6F-43FE-9516-5921050E17F5}.Release|Any CPU.ActiveCfg = Release|Any CPU
		{E5F964E9-5F6F-43FE-9516-5921050E17F5}.Release|Any CPU.Build.0 = Release|Any CPU
		{E5F964E9-5F6F-43FE-9516-5921050E17F5}.Release|x86.ActiveCfg = Release|Any CPU
		{E5F964E9-5F6F-43FE-9516-5921050E17F5}.Release|x86.Build.0 = Release|Any CPU
		{00FFC11F-71B6-410A-9320-453831A30519}.Debug|Any CPU.ActiveCfg = Debug|Any CPU
		{00FFC11F-71B6-410A-9320-453831A30519}.Debug|Any CPU.Build.0 = Debug|Any CPU
		{00FFC11F-71B6-410A-9320-453831A30519}.Debug|x86.ActiveCfg = Debug|Any CPU
		{00FFC11F-71B6-410A-9320-453831A30519}.Debug|x86.Build.0 = Debug|Any CPU
		{00FFC11F-71B6-410A-9320-453831A30519}.Release|Any CPU.ActiveCfg = Release|Any CPU
		{00FFC11F-71B6-410A-9320-453831A30519}.Release|Any CPU.Build.0 = Release|Any CPU
		{00FFC11F-71B6-410A-9320-453831A30519}.Release|x86.ActiveCfg = Release|Any CPU
		{00FFC11F-71B6-410A-9320-453831A30519}.Release|x86.Build.0 = Release|Any CPU
		{55174F31-8087-437A-B45A-6BCFD316ACE7}.Debug|Any CPU.ActiveCfg = Debug|Any CPU
		{55174F31-8087-437A-B45A-6BCFD316ACE7}.Debug|Any CPU.Build.0 = Debug|Any CPU
		{55174F31-8087-437A-B45A-6BCFD316ACE7}.Debug|x86.ActiveCfg = Debug|Any CPU
		{55174F31-8087-437A-B45A-6BCFD316ACE7}.Debug|x86.Build.0 = Debug|Any CPU
		{55174F31-8087-437A-B45A-6BCFD316ACE7}.Release|Any CPU.ActiveCfg = Release|Any CPU
		{55174F31-8087-437A-B45A-6BCFD316ACE7}.Release|Any CPU.Build.0 = Release|Any CPU
		{55174F31-8087-437A-B45A-6BCFD316ACE7}.Release|x86.ActiveCfg = Release|Any CPU
		{55174F31-8087-437A-B45A-6BCFD316ACE7}.Release|x86.Build.0 = Release|Any CPU
		{0B4EC0F2-E7DC-41E5-9BDE-7253B35116A5}.Debug|Any CPU.ActiveCfg = Debug|x86
		{0B4EC0F2-E7DC-41E5-9BDE-7253B35116A5}.Debug|x86.ActiveCfg = Debug|x86
		{0B4EC0F2-E7DC-41E5-9BDE-7253B35116A5}.Debug|x86.Build.0 = Debug|x86
		{0B4EC0F2-E7DC-41E5-9BDE-7253B35116A5}.Release|Any CPU.ActiveCfg = Release|x86
		{0B4EC0F2-E7DC-41E5-9BDE-7253B35116A5}.Release|x86.ActiveCfg = Release|x86
		{0B4EC0F2-E7DC-41E5-9BDE-7253B35116A5}.Release|x86.Build.0 = Release|x86
		{48B3A259-84BA-451D-A218-8A35FEADEB08}.Debug|Any CPU.ActiveCfg = Debug|Any CPU
		{48B3A259-84BA-451D-A218-8A35FEADEB08}.Debug|Any CPU.Build.0 = Debug|Any CPU
		{48B3A259-84BA-451D-A218-8A35FEADEB08}.Debug|x86.ActiveCfg = Debug|Any CPU
		{48B3A259-84BA-451D-A218-8A35FEADEB08}.Debug|x86.Build.0 = Debug|Any CPU
		{48B3A259-84BA-451D-A218-8A35FEADEB08}.Release|Any CPU.ActiveCfg = Release|Any CPU
		{48B3A259-84BA-451D-A218-8A35FEADEB08}.Release|Any CPU.Build.0 = Release|Any CPU
		{48B3A259-84BA-451D-A218-8A35FEADEB08}.Release|x86.ActiveCfg = Release|Any CPU
		{48B3A259-84BA-451D-A218-8A35FEADEB08}.Release|x86.Build.0 = Release|Any CPU
		{472EAF22-FA67-4F5F-A67D-9985ECC1A8EB}.Debug|Any CPU.ActiveCfg = Debug|Any CPU
		{472EAF22-FA67-4F5F-A67D-9985ECC1A8EB}.Debug|Any CPU.Build.0 = Debug|Any CPU
		{472EAF22-FA67-4F5F-A67D-9985ECC1A8EB}.Debug|x86.ActiveCfg = Debug|Any CPU
		{472EAF22-FA67-4F5F-A67D-9985ECC1A8EB}.Debug|x86.Build.0 = Debug|Any CPU
		{472EAF22-FA67-4F5F-A67D-9985ECC1A8EB}.Release|Any CPU.ActiveCfg = Release|Any CPU
		{472EAF22-FA67-4F5F-A67D-9985ECC1A8EB}.Release|Any CPU.Build.0 = Release|Any CPU
		{472EAF22-FA67-4F5F-A67D-9985ECC1A8EB}.Release|x86.ActiveCfg = Release|Any CPU
		{472EAF22-FA67-4F5F-A67D-9985ECC1A8EB}.Release|x86.Build.0 = Release|Any CPU
		{57D76AE4-C3D7-48C1-BE7F-0F92F282C34B}.Debug|Any CPU.ActiveCfg = Debug|Any CPU
		{57D76AE4-C3D7-48C1-BE7F-0F92F282C34B}.Debug|Any CPU.Build.0 = Debug|Any CPU
		{57D76AE4-C3D7-48C1-BE7F-0F92F282C34B}.Debug|x86.ActiveCfg = Debug|Any CPU
		{57D76AE4-C3D7-48C1-BE7F-0F92F282C34B}.Debug|x86.Build.0 = Debug|Any CPU
		{57D76AE4-C3D7-48C1-BE7F-0F92F282C34B}.Release|Any CPU.ActiveCfg = Release|Any CPU
		{57D76AE4-C3D7-48C1-BE7F-0F92F282C34B}.Release|Any CPU.Build.0 = Release|Any CPU
		{57D76AE4-C3D7-48C1-BE7F-0F92F282C34B}.Release|x86.ActiveCfg = Release|Any CPU
		{57D76AE4-C3D7-48C1-BE7F-0F92F282C34B}.Release|x86.Build.0 = Release|Any CPU
		{6EEAD379-5179-4750-A739-447EAE9D1460}.Debug|Any CPU.ActiveCfg = Debug|Any CPU
		{6EEAD379-5179-4750-A739-447EAE9D1460}.Debug|Any CPU.Build.0 = Debug|Any CPU
		{6EEAD379-5179-4750-A739-447EAE9D1460}.Debug|x86.ActiveCfg = Debug|Any CPU
		{6EEAD379-5179-4750-A739-447EAE9D1460}.Debug|x86.Build.0 = Debug|Any CPU
		{6EEAD379-5179-4750-A739-447EAE9D1460}.Release|Any CPU.ActiveCfg = Release|Any CPU
		{6EEAD379-5179-4750-A739-447EAE9D1460}.Release|Any CPU.Build.0 = Release|Any CPU
		{6EEAD379-5179-4750-A739-447EAE9D1460}.Release|x86.ActiveCfg = Release|Any CPU
		{6EEAD379-5179-4750-A739-447EAE9D1460}.Release|x86.Build.0 = Release|Any CPU
		{122987FA-B2BA-426F-92D7-EC8DF5C4F306}.Debug|Any CPU.ActiveCfg = Debug|Any CPU
		{122987FA-B2BA-426F-92D7-EC8DF5C4F306}.Debug|Any CPU.Build.0 = Debug|Any CPU
		{122987FA-B2BA-426F-92D7-EC8DF5C4F306}.Debug|x86.ActiveCfg = Debug|Any CPU
		{122987FA-B2BA-426F-92D7-EC8DF5C4F306}.Debug|x86.Build.0 = Debug|Any CPU
		{122987FA-B2BA-426F-92D7-EC8DF5C4F306}.Release|Any CPU.ActiveCfg = Release|Any CPU
		{122987FA-B2BA-426F-92D7-EC8DF5C4F306}.Release|Any CPU.Build.0 = Release|Any CPU
		{122987FA-B2BA-426F-92D7-EC8DF5C4F306}.Release|x86.ActiveCfg = Release|Any CPU
		{122987FA-B2BA-426F-92D7-EC8DF5C4F306}.Release|x86.Build.0 = Release|Any CPU
		{4754FFE2-82D5-4F55-BA3D-05868EB0BE94}.Debug|Any CPU.ActiveCfg = Debug|Any CPU
		{4754FFE2-82D5-4F55-BA3D-05868EB0BE94}.Debug|Any CPU.Build.0 = Debug|Any CPU
		{4754FFE2-82D5-4F55-BA3D-05868EB0BE94}.Debug|x86.ActiveCfg = Debug|Any CPU
		{4754FFE2-82D5-4F55-BA3D-05868EB0BE94}.Debug|x86.Build.0 = Debug|Any CPU
		{4754FFE2-82D5-4F55-BA3D-05868EB0BE94}.Release|Any CPU.ActiveCfg = Release|Any CPU
		{4754FFE2-82D5-4F55-BA3D-05868EB0BE94}.Release|Any CPU.Build.0 = Release|Any CPU
		{4754FFE2-82D5-4F55-BA3D-05868EB0BE94}.Release|x86.ActiveCfg = Release|Any CPU
		{4754FFE2-82D5-4F55-BA3D-05868EB0BE94}.Release|x86.Build.0 = Release|Any CPU
		{CED12895-4CFD-413A-80FA-67495D2EEB7D}.Debug|Any CPU.ActiveCfg = Debug|Any CPU
		{CED12895-4CFD-413A-80FA-67495D2EEB7D}.Debug|Any CPU.Build.0 = Debug|Any CPU
		{CED12895-4CFD-413A-80FA-67495D2EEB7D}.Debug|x86.ActiveCfg = Debug|Any CPU
		{CED12895-4CFD-413A-80FA-67495D2EEB7D}.Debug|x86.Build.0 = Debug|Any CPU
		{CED12895-4CFD-413A-80FA-67495D2EEB7D}.Release|Any CPU.ActiveCfg = Release|Any CPU
		{CED12895-4CFD-413A-80FA-67495D2EEB7D}.Release|Any CPU.Build.0 = Release|Any CPU
		{CED12895-4CFD-413A-80FA-67495D2EEB7D}.Release|x86.ActiveCfg = Release|Any CPU
		{CED12895-4CFD-413A-80FA-67495D2EEB7D}.Release|x86.Build.0 = Release|Any CPU
		{A04AF280-98C3-4F33-B3E1-F3F813ABAA82}.Debug|Any CPU.ActiveCfg = Debug|Any CPU
		{A04AF280-98C3-4F33-B3E1-F3F813ABAA82}.Debug|Any CPU.Build.0 = Debug|Any CPU
		{A04AF280-98C3-4F33-B3E1-F3F813ABAA82}.Debug|x86.ActiveCfg = Debug|Any CPU
		{A04AF280-98C3-4F33-B3E1-F3F813ABAA82}.Debug|x86.Build.0 = Debug|Any CPU
		{A04AF280-98C3-4F33-B3E1-F3F813ABAA82}.Release|Any CPU.ActiveCfg = Release|Any CPU
		{A04AF280-98C3-4F33-B3E1-F3F813ABAA82}.Release|Any CPU.Build.0 = Release|Any CPU
		{A04AF280-98C3-4F33-B3E1-F3F813ABAA82}.Release|x86.ActiveCfg = Release|Any CPU
		{A04AF280-98C3-4F33-B3E1-F3F813ABAA82}.Release|x86.Build.0 = Release|Any CPU
		{E650C6C8-3E62-4DBE-9857-8ECAFEF1F0F1}.Debug|Any CPU.ActiveCfg = Debug|Any CPU
		{E650C6C8-3E62-4DBE-9857-8ECAFEF1F0F1}.Debug|Any CPU.Build.0 = Debug|Any CPU
		{E650C6C8-3E62-4DBE-9857-8ECAFEF1F0F1}.Debug|x86.ActiveCfg = Debug|Any CPU
		{E650C6C8-3E62-4DBE-9857-8ECAFEF1F0F1}.Debug|x86.Build.0 = Debug|Any CPU
		{E650C6C8-3E62-4DBE-9857-8ECAFEF1F0F1}.Release|Any CPU.ActiveCfg = Release|Any CPU
		{E650C6C8-3E62-4DBE-9857-8ECAFEF1F0F1}.Release|Any CPU.Build.0 = Release|Any CPU
		{E650C6C8-3E62-4DBE-9857-8ECAFEF1F0F1}.Release|x86.ActiveCfg = Release|Any CPU
		{E650C6C8-3E62-4DBE-9857-8ECAFEF1F0F1}.Release|x86.Build.0 = Release|Any CPU
	EndGlobalSection
	GlobalSection(SolutionProperties) = preSolution
		HideSolutionNode = FALSE
	EndGlobalSection
	GlobalSection(NestedProjects) = preSolution
		{DD8856F1-A2F0-49B9-80F4-A7C0EF900DE8} = {53C2827E-ECD2-4105-9068-2C215BF95F0D}
		{BEA2EE89-3FBE-42E3-B72F-CA910C46F04A} = {53C2827E-ECD2-4105-9068-2C215BF95F0D}
		{B9E31D7D-BA5B-4585-960C-126F073C3251} = {53C2827E-ECD2-4105-9068-2C215BF95F0D}
		{C2812EB1-6BFC-4DEB-AB33-AB152DF1E2D5} = {53C2827E-ECD2-4105-9068-2C215BF95F0D}
		{907330DC-15B9-409C-BF8F-AF0AFD5ED381} = {DD8856F1-A2F0-49B9-80F4-A7C0EF900DE8}
		{72E81F4E-6C46-4096-8191-86CCC86F874D} = {DD8856F1-A2F0-49B9-80F4-A7C0EF900DE8}
		{DE3F1065-F602-4E95-A7B2-73FCBBA354F6} = {DD8856F1-A2F0-49B9-80F4-A7C0EF900DE8}
		{079FF487-C823-4116-896C-B171A00515C0} = {DD8856F1-A2F0-49B9-80F4-A7C0EF900DE8}
		{27DCF750-D5B0-4B4A-A00E-734403BFDB57} = {DD8856F1-A2F0-49B9-80F4-A7C0EF900DE8}
		{F5EC0A73-0C2F-4CB0-9A67-A89B32B24583} = {BEA2EE89-3FBE-42E3-B72F-CA910C46F04A}
		{3BAB6C61-A3E4-48AF-9C17-81E977CB7F6C} = {BEA2EE89-3FBE-42E3-B72F-CA910C46F04A}
		{ECA2440E-C9BF-40F9-AB67-712E5A63DA8C} = {BEA2EE89-3FBE-42E3-B72F-CA910C46F04A}
		{B4B1FA67-3C89-456D-A948-557241D32CB7} = {BEA2EE89-3FBE-42E3-B72F-CA910C46F04A}
		{A8D5676C-AC4B-459C-9351-4E0988E30F4E} = {BEA2EE89-3FBE-42E3-B72F-CA910C46F04A}
		{E5F964E9-5F6F-43FE-9516-5921050E17F5} = {B9E31D7D-BA5B-4585-960C-126F073C3251}
		{00FFC11F-71B6-410A-9320-453831A30519} = {B9E31D7D-BA5B-4585-960C-126F073C3251}
		{55174F31-8087-437A-B45A-6BCFD316ACE7} = {B9E31D7D-BA5B-4585-960C-126F073C3251}
		{0B4EC0F2-E7DC-41E5-9BDE-7253B35116A5} = {C2812EB1-6BFC-4DEB-AB33-AB152DF1E2D5}
		{48B3A259-84BA-451D-A218-8A35FEADEB08} = {C2812EB1-6BFC-4DEB-AB33-AB152DF1E2D5}
		{472EAF22-FA67-4F5F-A67D-9985ECC1A8EB} = {E278D336-5A30-4406-A542-30FCEA324E1A}
		{57D76AE4-C3D7-48C1-BE7F-0F92F282C34B} = {E278D336-5A30-4406-A542-30FCEA324E1A}
		{6EEAD379-5179-4750-A739-447EAE9D1460} = {E278D336-5A30-4406-A542-30FCEA324E1A}
		{122987FA-B2BA-426F-92D7-EC8DF5C4F306} = {E278D336-5A30-4406-A542-30FCEA324E1A}
		{4754FFE2-82D5-4F55-BA3D-05868EB0BE94} = {E278D336-5A30-4406-A542-30FCEA324E1A}
		{CED12895-4CFD-413A-80FA-67495D2EEB7D} = {E278D336-5A30-4406-A542-30FCEA324E1A}
		{A04AF280-98C3-4F33-B3E1-F3F813ABAA82} = {E278D336-5A30-4406-A542-30FCEA324E1A}
		{BEC34BB2-74B1-49B6-A183-D6A956485823} = {FA70B935-CC18-4718-81B4-24357958C276}
		{E650C6C8-3E62-4DBE-9857-8ECAFEF1F0F1} = {BEC34BB2-74B1-49B6-A183-D6A956485823}
	EndGlobalSection
	GlobalSection(ExtensibilityGlobals) = postSolution
		SolutionGuid = {79F9EB67-3A7E-4CF5-8915-F5744D779080}
	EndGlobalSection
EndGlobal
